
Microsoft Visual Studio Solution File, Format Version 12.00
# Visual Studio Version 17
VisualStudioVersion = 17.5.33516.290
MinimumVisualStudioVersion = 10.0.40219.1
Project("{FAE04EC0-301F-11D3-BF4B-00C04F79EFBC}") = "EjerciciosED_03-10-23", "EjerciciosED_03-10-23.csproj", "{7932A310-9AC7-4273-B44E-F8692A7EBBBB}"
EndProject
Global
	GlobalSection(SolutionConfigurationPlatforms) = preSolution
		Debug|Any CPU = Debug|Any CPU
		Release|Any CPU = Release|Any CPU
	EndGlobalSection
	GlobalSection(ProjectConfigurationPlatforms) = postSolution
		{7932A310-9AC7-4273-B44E-F8692A7EBBBB}.Debug|Any CPU.ActiveCfg = Debug|Any CPU
		{7932A310-9AC7-4273-B44E-F8692A7EBBBB}.Debug|Any CPU.Build.0 = Debug|Any CPU
		{7932A310-9AC7-4273-B44E-F8692A7EBBBB}.Release|Any CPU.ActiveCfg = Release|Any CPU
		{7932A310-9AC7-4273-B44E-F8692A7EBBBB}.Release|Any CPU.Build.0 = Release|Any CPU
	EndGlobalSection
	GlobalSection(SolutionProperties) = preSolution
		HideSolutionNode = FALSE
	EndGlobalSection
	GlobalSection(ExtensibilityGlobals) = postSolution
		SolutionGuid = {191D06D7-5F36-4A8D-88F5-3D2BD19C2745}
	EndGlobalSection
EndGlobal
